// !$*UTF8*$!
{
	archiveVersion = 1;
	classes = {
	};
	objectVersion = 77;
	objects = {

/* Begin PBXBuildFile section */
		1DD77E242F52752C00F08917 /* FirebaseAuth in Frameworks */ = {isa = PBXBuildFile; productRef = 1DD77E232F52752C00F08917 /* FirebaseAuth */; };
		1DD77E262F52752C00F08917 /* FirebaseCore in Frameworks */ = {isa = PBXBuildFile; productRef = 1DD77E252F52752C00F08917 /* FirebaseCore */; };
		1DD77E292F5275A600F08917 /* GoogleSignIn in Frameworks */ = {isa = PBXBuildFile; productRef = 1DD77E282F5275A600F08917 /* GoogleSignIn */; };
		1DD77E2B2F5275A600F08917 /* GoogleSignInSwift in Frameworks */ = {isa = PBXBuildFile; productRef = 1DD77E2A2F5275A600F08917 /* GoogleSignInSwift */; };
		1EE9C9B42F60000200F08917 /* FirebaseAnalytics in Frameworks */ = {isa = PBXBuildFile; productRef = 1EE9C9B32F60000200F08917 /* FirebaseAnalytics */; };
		1EE9C9A22F60000100F08917 /* FirebaseCrashlytics in Frameworks */ = {isa = PBXBuildFile; productRef = 1EE9C9A12F60000100F08917 /* FirebaseCrashlytics */; };
/* End PBXBuildFile section */

/* Begin PBXContainerItemProxy section */
		1D8E61D82DC0526500167931 /* PBXContainerItemProxy */ = {
			isa = PBXContainerItemProxy;
			containerPortal = 1D8E61BE2DC0526000167931 /* Project object */;
			proxyType = 1;
			remoteGlobalIDString = 1D8E61C52DC0526000167931;
			remoteInfo = loom;
		};
		1D8E61E22DC0526500167931 /* PBXContainerItemProxy */ = {
			isa = PBXContainerItemProxy;
			containerPortal = 1D8E61BE2DC0526000167931 /* Project object */;
			proxyType = 1;
			remoteGlobalIDString = 1D8E61C52DC0526000167931;
			remoteInfo = loom;
		};
/* End PBXContainerItemProxy section */

/* Begin PBXFileReference section */
		1D8E61C62DC0526000167931 /* loom.app */ = {isa = PBXFileReference; explicitFileType = wrapper.application; includeInIndex = 0; path = loom.app; sourceTree = BUILT_PRODUCTS_DIR; };
		1D8E61D72DC0526500167931 /* loomTests.xctest */ = {isa = PBXFileReference; explicitFileType = wrapper.cfbundle; includeInIndex = 0; path = loomTests.xctest; sourceTree = BUILT_PRODUCTS_DIR; };
		1D8E61E12DC0526500167931 /* loomUITests.xctest */ = {isa = PBXFileReference; explicitFileType = wrapper.cfbundle; includeInIndex = 0; path = loomUITests.xctest; sourceTree = BUILT_PRODUCTS_DIR; };
/* End PBXFileReference section */

/* Begin PBXFileSystemSynchronizedBuildFileExceptionSet section */
		1D8E61E92DC0526500167931 /* Exceptions for "loom" folder in "loom" target */ = {
			isa = PBXFileSystemSynchronizedBuildFileExceptionSet;
			membershipExceptions = (
				Info.plist,
			);
			target = 1D8E61C52DC0526000167931 /* loom */;
		};
/* End PBXFileSystemSynchronizedBuildFileExceptionSet section */

/* Begin PBXFileSystemSynchronizedRootGroup section */
		1D8E61C82DC0526000167931 /* loom */ = {
			isa = PBXFileSystemSynchronizedRootGroup;
			exceptions = (
				1D8E61E92DC0526500167931 /* Exceptions for "loom" folder in "loom" target */,
			);
			path = loom;
			sourceTree = "<group>";
		};
		1D8E61DA2DC0526500167931 /* loomTests */ = {
			isa = PBXFileSystemSynchronizedRootGroup;
			path = loomTests;
			sourceTree = "<group>";
		};
		1D8E61E42DC0526500167931 /* loomUITests */ = {
			isa = PBXFileSystemSynchronizedRootGroup;
			path = loomUITests;
			sourceTree = "<group>";
		};
/* End PBXFileSystemSynchronizedRootGroup section */

/* Begin PBXFrameworksBuildPhase section */
		1D8E61C32DC0526000167931 /* Frameworks */ = {
			isa = PBXFrameworksBuildPhase;
			buildActionMask = 2147483647;
			files = (
				1EE9C9B42F60000200F08917 /* FirebaseAnalytics in Frameworks */,
				1EE9C9A22F60000100F08917 /* FirebaseCrashlytics in Frameworks */,
				1DD77E262F52752C00F08917 /* FirebaseCore in Frameworks */,
				1DD77E242F52752C00F08917 /* FirebaseAuth in Frameworks */,
				1DD77E292F5275A600F08917 /* GoogleSignIn in Frameworks */,
				1DD77E2B2F5275A600F08917 /* GoogleSignInSwift in Frameworks */,
			);
			runOnlyForDeploymentPostprocessing = 0;
		};
		1D8E61D42DC0526500167931 /* Frameworks */ = {
			isa = PBXFrameworksBuildPhase;
			buildActionMask = 2147483647;
			files = (
			);
			runOnlyForDeploymentPostprocessing = 0;
		};
		1D8E61DE2DC0526500167931 /* Frameworks */ = {
			isa = PBXFrameworksBuildPhase;
			buildActionMask = 2147483647;
			files = (
			);
			runOnlyForDeploymentPostprocessing = 0;
		};
/* End PBXFrameworksBuildPhase section */

/* Begin PBXGroup section */
		1D8E61BD2DC0526000167931 = {
			isa = PBXGroup;
			children = (
				1D8E61C82DC0526000167931 /* loom */,
				1D8E61DA2DC0526500167931 /* loomTests */,
				1D8E61E42DC0526500167931 /* loomUITests */,
				1D8E61C72DC0526000167931 /* Products */,
			);
			sourceTree = "<group>";
		};
		1D8E61C72DC0526000167931 /* Products */ = {
			isa = PBXGroup;
			children = (
				1D8E61C62DC0526000167931 /* loom.app */,
				1D8E61D72DC0526500167931 /* loomTests.xctest */,
				1D8E61E12DC0526500167931 /* loomUITests.xctest */,
			);
			name = Products;
			sourceTree = "<group>";
		};
/* End PBXGroup section */

/* Begin PBXNativeTarget section */
		1D8E61C52DC0526000167931 /* loom */ = {
			isa = PBXNativeTarget;
			buildConfigurationList = 1D8E61EA2DC0526500167931 /* Build configuration list for PBXNativeTarget "loom" */;
			buildPhases = (
				1D8E61C22DC0526000167931 /* Sources */,
				1D8E61C32DC0526000167931 /* Frameworks */,
				1D8E61C42DC0526000167931 /* Resources */,
				1EE9C9A32F60000100F08917 /* Upload Crashlytics Symbols */,
			);
			buildRules = (
			);
			dependencies = (
			);
			fileSystemSynchronizedGroups = (
				1D8E61C82DC0526000167931 /* loom */,
			);
			name = loom;
			packageProductDependencies = (
				1EE9C9B32F60000200F08917 /* FirebaseAnalytics */,
				1DD77E232F52752C00F08917 /* FirebaseAuth */,
				1EE9C9A12F60000100F08917 /* FirebaseCrashlytics */,
				1DD77E252F52752C00F08917 /* FirebaseCore */,
				1DD77E282F5275A600F08917 /* GoogleSignIn */,
				1DD77E2A2F5275A600F08917 /* GoogleSignInSwift */,
			);
			productName = loom;
			productReference = 1D8E61C62DC0526000167931 /* loom.app */;
			productType = "com.apple.product-type.application";
		};
		1D8E61D62DC0526500167931 /* loomTests */ = {
			isa = PBXNativeTarget;
			buildConfigurationList = 1D8E61EF2DC0526500167931 /* Build configuration list for PBXNativeTarget "loomTests" */;
			buildPhases = (
				1D8E61D32DC0526500167931 /* Sources */,
				1D8E61D42DC0526500167931 /* Frameworks */,
				1D8E61D52DC0526500167931 /* Resources */,
			);
			buildRules = (
			);
			dependencies = (
				1D8E61D92DC0526500167931 /* PBXTargetDependency */,
			);
			fileSystemSynchronizedGroups = (
				1D8E61DA2DC0526500167931 /* loomTests */,
			);
			name = loomTests;
			packageProductDependencies = (
			);
			productName = loomTests;
			productReference = 1D8E61D72DC0526500167931 /* loomTests.xctest */;
			productType = "com.apple.product-type.bundle.unit-test";
		};
		1D8E61E02DC0526500167931 /* loomUITests */ = {
			isa = PBXNativeTarget;
			buildConfigurationList = 1D8E61F22DC0526500167931 /* Build configuration list for PBXNativeTarget "loomUITests" */;
			buildPhases = (
				1D8E61DD2DC0526500167931 /* Sources */,
				1D8E61DE2DC0526500167931 /* Frameworks */,
				1D8E61DF2DC0526500167931 /* Resources */,
			);
			buildRules = (
			);
			dependencies = (
				1D8E61E32DC0526500167931 /* PBXTargetDependency */,
			);
			fileSystemSynchronizedGroups = (
				1D8E61E42DC0526500167931 /* loomUITests */,
			);
			name = loomUITests;
			packageProductDependencies = (
			);
			productName = loomUITests;
			productReference = 1D8E61E12DC0526500167931 /* loomUITests.xctest */;
			productType = "com.apple.product-type.bundle.ui-testing";
		};
/* End PBXNativeTarget section */

/* Begin PBXProject section */
		1D8E61BE2DC0526000167931 /* Project object */ = {
			isa = PBXProject;
			attributes = {
				BuildIndependentTargetsInParallel = 1;
				LastSwiftUpdateCheck = 1630;
				LastUpgradeCheck = 1630;
				TargetAttributes = {
					1D8E61C52DC0526000167931 = {
						CreatedOnToolsVersion = 16.3;
					};
					1D8E61D62DC0526500167931 = {
						CreatedOnToolsVersion = 16.3;
						TestTargetID = 1D8E61C52DC0526000167931;
					};
					1D8E61E02DC0526500167931 = {
						CreatedOnToolsVersion = 16.3;
						TestTargetID = 1D8E61C52DC0526000167931;
					};
				};
			};
			buildConfigurationList = 1D8E61C12DC0526000167931 /* Build configuration list for PBXProject "loom_0.1.0a" */;
			developmentRegion = en;
			hasScannedForEncodings = 0;
			knownRegions = (
				en,
				Base,
			);
			mainGroup = 1D8E61BD2DC0526000167931;
			minimizedProjectReferenceProxies = 1;
			packageReferences = (
				1DD77E222F52752C00F08917 /* XCRemoteSwiftPackageReference "firebase-ios-sdk" */,
				1DD77E272F5275A600F08917 /* XCRemoteSwiftPackageReference "GoogleSignIn-iOS" */,
			);
			preferredProjectObjectVersion = 77;
			productRefGroup = 1D8E61C72DC0526000167931 /* Products */;
			projectDirPath = "";
			projectRoot = "";
			targets = (
				1D8E61C52DC0526000167931 /* loom */,
				1D8E61D62DC0526500167931 /* loomTests */,
				1D8E61E02DC0526500167931 /* loomUITests */,
			);
		};
/* End PBXProject section */

/* Begin PBXResourcesBuildPhase section */
		1D8E61C42DC0526000167931 /* Resources */ = {
			isa = PBXResourcesBuildPhase;
			buildActionMask = 2147483647;
			files = (
			);
			runOnlyForDeploymentPostprocessing = 0;
		};
		1D8E61D52DC0526500167931 /* Resources */ = {
			isa = PBXResourcesBuildPhase;
			buildActionMask = 2147483647;
			files = (
			);
			runOnlyForDeploymentPostprocessing = 0;
		};
		1D8E61DF2DC0526500167931 /* Resources */ = {
			isa = PBXResourcesBuildPhase;
			buildActionMask = 2147483647;
			files = (
			);
			runOnlyForDeploymentPostprocessing = 0;
		};
/* End PBXResourcesBuildPhase section */

/* Begin PBXShellScriptBuildPhase section */
		1EE9C9A32F60000100F08917 /* Upload Crashlytics Symbols */ = {
			isa = PBXShellScriptBuildPhase;
			buildActionMask = 2147483647;
			files = (
			);
			inputFileListPaths = (
			);
			inputPaths = (
				"${DWARF_DSYM_FOLDER_PATH}/${DWARF_DSYM_FILE_NAME}",
				"${DWARF_DSYM_FOLDER_PATH}/${DWARF_DSYM_FILE_NAME}/Contents/Info.plist",
				"$(TARGET_BUILD_DIR)/$(UNLOCALIZED_RESOURCES_FOLDER_PATH)/GoogleService-Info.plist",
				"$(TARGET_BUILD_DIR)/$(EXECUTABLE_PATH)",
				"${DWARF_DSYM_FOLDER_PATH}/${DWARF_DSYM_FILE_NAME}/Contents/Resources/DWARF/${TARGET_NAME}",
			);
			name = "Upload Crashlytics Symbols";
			outputFileListPaths = (
			);
			outputPaths = (
				"$(DERIVED_FILE_DIR)/crashlytics_upload_$(CONFIGURATION).stamp",
			);
			runOnlyForDeploymentPostprocessing = 0;
			shellPath = /bin/sh;
			shellScript = "# TODO: If you add user privacy controls, gate this script behind your release policy.\nOUTPUT_FILE=\"${DERIVED_FILE_DIR}/crashlytics_upload_${CONFIGURATION}.stamp\"\nif [ \"${CONFIGURATION}\" = \"Debug\" ]; then\n  /usr/bin/touch \"${OUTPUT_FILE}\"\n  exit 0\nfi\n\"${BUILD_DIR%/Build/*}/SourcePackages/checkouts/firebase-ios-sdk/Crashlytics/run\" -gsp \"${PROJECT_DIR}/loom/GoogleService-Info.plist\"\n/usr/bin/touch \"${OUTPUT_FILE}\"\n";
		};
/* End PBXShellScriptBuildPhase section */

/* Begin PBXSourcesBuildPhase section */
		1D8E61C22DC0526000167931 /* Sources */ = {
			isa = PBXSourcesBuildPhase;
			buildActionMask = 2147483647;
			files = (
			);
			runOnlyForDeploymentPostprocessing = 0;
		};
		1D8E61D32DC0526500167931 /* Sources */ = {
			isa = PBXSourcesBuildPhase;
			buildActionMask = 2147483647;
			files = (
			);
			runOnlyForDeploymentPostprocessing = 0;
		};
		1D8E61DD2DC0526500167931 /* Sources */ = {
			isa = PBXSourcesBuildPhase;
			buildActionMask = 2147483647;
			files = (
			);
			runOnlyForDeploymentPostprocessing = 0;
		};
/* End PBXSourcesBuildPhase section */

/* Begin PBXTargetDependency section */
		1D8E61D92DC0526500167931 /* PBXTargetDependency */ = {
			isa = PBXTargetDependency;
			target = 1D8E61C52DC0526000167931 /* loom */;
			targetProxy = 1D8E61D82DC0526500167931 /* PBXContainerItemProxy */;
		};
		1D8E61E32DC0526500167931 /* PBXTargetDependency */ = {
			isa = PBXTargetDependency;
			target = 1D8E61C52DC0526000167931 /* loom */;
			targetProxy = 1D8E61E22DC0526500167931 /* PBXContainerItemProxy */;
		};
/* End PBXTargetDependency section */

/* Begin XCBuildConfiguration section */
		1D8E61EB2DC0526500167931 /* Debug */ = {
			isa = XCBuildConfiguration;
			buildSettings = {
				ASSETCATALOG_COMPILER_APPICON_NAME = AppIcon;
				ASSETCATALOG_COMPILER_GLOBAL_ACCENT_COLOR_NAME = AccentColor;
				CODE_SIGN_ENTITLEMENTS = loom/loom.entitlements;
				CODE_SIGN_STYLE = Automatic;
				CURRENT_PROJECT_VERSION = alpha.1;
				DEVELOPMENT_TEAM = 3D885624HS;
				ENABLE_PREVIEWS = YES;
				GENERATE_INFOPLIST_FILE = YES;
				INFOPLIST_FILE = loom/Info.plist;
				INFOPLIST_KEY_CFBundleDisplayName = Loom;
				INFOPLIST_KEY_NSHealthShareUsageDescription = "Loom uses Apple Health data you choose to connect to automatically track Little Wins progress.";
				INFOPLIST_KEY_NSRemindersFullAccessUsageDescription = "Loom needs full access to your reminders to sync active tasks into Capture.";
				INFOPLIST_KEY_NSRemindersUsageDescription = "Loom needs access to your reminders to sync active tasks into Capture.";
				INFOPLIST_KEY_UIApplicationSceneManifest_Generation = YES;
				INFOPLIST_KEY_UIApplicationSupportsIndirectInputEvents = YES;
				INFOPLIST_KEY_UILaunchStoryboardName = LaunchScreen;
				INFOPLIST_KEY_UISupportedInterfaceOrientations_iPad = "UIInterfaceOrientationPortrait UIInterfaceOrientationPortraitUpsideDown UIInterfaceOrientationLandscapeLeft UIInterfaceOrientationLandscapeRight";
				INFOPLIST_KEY_UISupportedInterfaceOrientations_iPhone = "UIInterfaceOrientationPortrait UIInterfaceOrientationLandscapeLeft UIInterfaceOrientationLandscapeRight";
				LD_RUNPATH_SEARCH_PATHS = (
					"$(inherited)",
					"@executable_path/Frameworks",
				);
				MARKETING_VERSION = 0.1.0;
				PRODUCT_BUNDLE_IDENTIFIER = srd.loom;
				PRODUCT_NAME = "$(TARGET_NAME)";
				SWIFT_EMIT_LOC_STRINGS = YES;
				SWIFT_VERSION = 5.0;
				TARGETED_DEVICE_FAMILY = "1,2";
			};
			name = Debug;
		};
		1D8E61EC2DC0526500167931 /* Release */ = {
			isa = XCBuildConfiguration;
			buildSettings = {
				ASSETCATALOG_COMPILER_APPICON_NAME = AppIcon;
				ASSETCATALOG_COMPILER_GLOBAL_ACCENT_COLOR_NAME = AccentColor;
				CODE_SIGN_ENTITLEMENTS = loom/loom.entitlements;
				CODE_SIGN_STYLE = Automatic;
				CURRENT_PROJECT_VERSION = alpha.1;
				DEVELOPMENT_TEAM = 3D885624HS;
				ENABLE_PREVIEWS = YES;
				GENERATE_INFOPLIST_FILE = YES;
				INFOPLIST_FILE = loom/Info.plist;
				INFOPLIST_KEY_CFBundleDisplayName = Loom;
				INFOPLIST_KEY_NSHealthShareUsageDescription = "Loom uses Apple Health data you choose to connect to automatically track Little Wins progress.";
				INFOPLIST_KEY_NSRemindersFullAccessUsageDescription = "Loom needs full access to your reminders to sync active tasks into Capture.";
				INFOPLIST_KEY_NSRemindersUsageDescription = "Loom needs access to your reminders to sync active tasks into Capture.";
				INFOPLIST_KEY_UIApplicationSceneManifest_Generation = YES;
				INFOPLIST_KEY_UIApplicationSupportsIndirectInputEvents = YES;
				INFOPLIST_KEY_UILaunchStoryboardName = LaunchScreen;
				INFOPLIST_KEY_UISupportedInterfaceOrientations_iPad = "UIInterfaceOrientationPortrait UIInterfaceOrientationPortraitUpsideDown UIInterfaceOrientationLandscapeLeft UIInterfaceOrientationLandscapeRight";
				INFOPLIST_KEY_UISupportedInterfaceOrientations_iPhone = "UIInterfaceOrientationPortrait UIInterfaceOrientationLandscapeLeft UIInterfaceOrientationLandscapeRight";
				LD_RUNPATH_SEARCH_PATHS = (
					"$(inherited)",
					"@executable_path/Frameworks",
				);
				MARKETING_VERSION = 0.1.0;
				PRODUCT_BUNDLE_IDENTIFIER = srd.loom;
				PRODUCT_NAME = "$(TARGET_NAME)";
				SWIFT_EMIT_LOC_STRINGS = YES;
				SWIFT_VERSION = 5.0;
				TARGETED_DEVICE_FAMILY = "1,2";
			};
			name = Release;
		};
		1D8E61ED2DC0526500167931 /* Debug */ = {
			isa = XCBuildConfiguration;
			buildSettings = {
				ALWAYS_SEARCH_USER_PATHS = NO;
				ASSETCATALOG_COMPILER_GENERATE_SWIFT_ASSET_SYMBOL_EXTENSIONS = YES;
				CLANG_ANALYZER_NONNULL = YES;
				CLANG_ANALYZER_NUMBER_OBJECT_CONVERSION = YES_AGGRESSIVE;
				CLANG_CXX_LANGUAGE_STANDARD = "gnu++20";
				CLANG_ENABLE_MODULES = YES;
				CLANG_ENABLE_OBJC_ARC = YES;
				CLANG_ENABLE_OBJC_WEAK = YES;
				CLANG_WARN_BLOCK_CAPTURE_AUTORELEASING = YES;
				CLANG_WARN_BOOL_CONVERSION = YES;
				CLANG_WARN_COMMA = YES;
				CLANG_WARN_CONSTANT_CONVERSION = YES;
				CLANG_WARN_DEPRECATED_OBJC_IMPLEMENTATIONS = YES;
				CLANG_WARN_DIRECT_OBJC_ISA_USAGE = YES_ERROR;
				CLANG_WARN_DOCUMENTATION_COMMENTS = YES;
				CLANG_WARN_EMPTY_BODY = YES;
				CLANG_WARN_ENUM_CONVERSION = YES;
				CLANG_WARN_INFINITE_RECURSION = YES;
				CLANG_WARN_INT_CONVERSION = YES;
				CLANG_WARN_NON_LITERAL_NULL_CONVERSION = YES;
				CLANG_WARN_OBJC_IMPLICIT_RETAIN_SELF = YES;
				CLANG_WARN_OBJC_LITERAL_CONVERSION = YES;
				CLANG_WARN_OBJC_ROOT_CLASS = YES_ERROR;
				CLANG_WARN_QUOTED_INCLUDE_IN_FRAMEWORK_HEADER = YES;
				CLANG_WARN_RANGE_LOOP_ANALYSIS = YES;
				CLANG_WARN_STRICT_PROTOTYPES = YES;
				CLANG_WARN_SUSPICIOUS_MOVE = YES;
				CLANG_WARN_UNGUARDED_AVAILABILITY = YES_AGGRESSIVE;
				CLANG_WARN_UNREACHABLE_CODE = YES;
				CLANG_WARN__DUPLICATE_METHOD_MATCH = YES;
				COPY_PHASE_STRIP = NO;
				DEBUG_INFORMATION_FORMAT = dwarf;
				DEVELOPMENT_TEAM = 3D885624HS;
				ENABLE_STRICT_OBJC_MSGSEND = YES;
				ENABLE_TESTABILITY = YES;
				ENABLE_USER_SCRIPT_SANDBOXING = YES;
				GCC_C_LANGUAGE_STANDARD = gnu17;
				GCC_DYNAMIC_NO_PIC = NO;
				GCC_NO_COMMON_BLOCKS = YES;
				GCC_OPTIMIZATION_LEVEL = 0;
				GCC_PREPROCESSOR_DEFINITIONS = (
					"DEBUG=1",
					"$(inherited)",
				);
				GCC_WARN_64_TO_32_BIT_CONVERSION = YES;
				GCC_WARN_ABOUT_RETURN_TYPE = YES_ERROR;
				GCC_WARN_UNDECLARED_SELECTOR = YES;
				GCC_WARN_UNINITIALIZED_AUTOS = YES_AGGRESSIVE;
				GCC_WARN_UNUSED_FUNCTION = YES;
				GCC_WARN_UNUSED_VARIABLE = YES;
				IPHONEOS_DEPLOYMENT_TARGET = 18.4;
				LOCALIZATION_PREFERS_STRING_CATALOGS = YES;
				MTL_ENABLE_DEBUG_INFO = INCLUDE_SOURCE;
				MTL_FAST_MATH = YES;
				ONLY_ACTIVE_ARCH = YES;
				OTHER_LDFLAGS = (
					"$(inherited)",
					"-ObjC",
				);
				SDKROOT = iphoneos;
				SWIFT_ACTIVE_COMPILATION_CONDITIONS = "DEBUG $(inherited)";
				SWIFT_OPTIMIZATION_LEVEL = "-Onone";
			};
			name = Debug;
		};
		1D8E61EE2DC0526500167931 /* Release */ = {
			isa = XCBuildConfiguration;
			buildSettings = {
				ALWAYS_SEARCH_USER_PATHS = NO;
				ASSETCATALOG_COMPILER_GENERATE_SWIFT_ASSET_SYMBOL_EXTENSIONS = YES;
				CLANG_ANALYZER_NONNULL = YES;
				CLANG_ANALYZER_NUMBER_OBJECT_CONVERSION = YES_AGGRESSIVE;
				CLANG_CXX_LANGUAGE_STANDARD = "gnu++20";
				CLANG_ENABLE_MODULES = YES;
				CLANG_ENABLE_OBJC_ARC = YES;
				CLANG_ENABLE_OBJC_WEAK = YES;
				CLANG_WARN_BLOCK_CAPTURE_AUTORELEASING = YES;
				CLANG_WARN_BOOL_CONVERSION = YES;
				CLANG_WARN_COMMA = YES;
				CLANG_WARN_CONSTANT_CONVERSION = YES;
				CLANG_WARN_DEPRECATED_OBJC_IMPLEMENTATIONS = YES;
				CLANG_WARN_DIRECT_OBJC_ISA_USAGE = YES_ERROR;
				CLANG_WARN_DOCUMENTATION_COMMENTS = YES;
				CLANG_WARN_EMPTY_BODY = YES;
				CLANG_WARN_ENUM_CONVERSION = YES;
				CLANG_WARN_INFINITE_RECURSION = YES;
				CLANG_WARN_INT_CONVERSION = YES;
				CLANG_WARN_NON_LITERAL_NULL_CONVERSION = YES;
				CLANG_WARN_OBJC_IMPLICIT_RETAIN_SELF = YES;
				CLANG_WARN_OBJC_LITERAL_CONVERSION = YES;
				CLANG_WARN_OBJC_ROOT_CLASS = YES_ERROR;
				CLANG_WARN_QUOTED_INCLUDE_IN_FRAMEWORK_HEADER = YES;
				CLANG_WARN_RANGE_LOOP_ANALYSIS = YES;
				CLANG_WARN_STRICT_PROTOTYPES = YES;
				CLANG_WARN_SUSPICIOUS_MOVE = YES;
				CLANG_WARN_UNGUARDED_AVAILABILITY = YES_AGGRESSIVE;
				CLANG_WARN_UNREACHABLE_CODE = YES;
				CLANG_WARN__DUPLICATE_METHOD_MATCH = YES;
				COPY_PHASE_STRIP = NO;
				DEBUG_INFORMATION_FORMAT = "dwarf-with-dsym";
				DEVELOPMENT_TEAM = 3D885624HS;
				ENABLE_NS_ASSERTIONS = NO;
				ENABLE_STRICT_OBJC_MSGSEND = YES;
				ENABLE_USER_SCRIPT_SANDBOXING = YES;
				GCC_C_LANGUAGE_STANDARD = gnu17;
				GCC_NO_COMMON_BLOCKS = YES;
				GCC_WARN_64_TO_32_BIT_CONVERSION = YES;
				GCC_WARN_ABOUT_RETURN_TYPE = YES_ERROR;
				GCC_WARN_UNDECLARED_SELECTOR = YES;
				GCC_WARN_UNINITIALIZED_AUTOS = YES_AGGRESSIVE;
				GCC_WARN_UNUSED_FUNCTION = YES;
				GCC_WARN_UNUSED_VARIABLE = YES;
				IPHONEOS_DEPLOYMENT_TARGET = 18.4;
				LOCALIZATION_PREFERS_STRING_CATALOGS = YES;
				MTL_ENABLE_DEBUG_INFO = NO;
				MTL_FAST_MATH = YES;
				OTHER_LDFLAGS = (
					"$(inherited)",
					"-ObjC",
				);
				SDKROOT = iphoneos;
				SWIFT_COMPILATION_MODE = wholemodule;
				VALIDATE_PRODUCT = YES;
			};
			name = Release;
		};
		1D8E61F02DC0526500167931 /* Debug */ = {
			isa = XCBuildConfiguration;
			buildSettings = {
				BUNDLE_LOADER = "$(TEST_HOST)";
				CODE_SIGN_STYLE = Automatic;
				CURRENT_PROJECT_VERSION = 1;
				DEVELOPMENT_TEAM = 3D885624HS;
				GENERATE_INFOPLIST_FILE = YES;
				IPHONEOS_DEPLOYMENT_TARGET = 18.4;
				MARKETING_VERSION = 1.0;
				PRODUCT_BUNDLE_IDENTIFIER = srd.loomTests;
				PRODUCT_NAME = "$(TARGET_NAME)";
				SWIFT_EMIT_LOC_STRINGS = NO;
				SWIFT_VERSION = 5.0;
				TARGETED_DEVICE_FAMILY = "1,2";
				TEST_HOST = "$(BUILT_PRODUCTS_DIR)/loom.app/$(BUNDLE_EXECUTABLE_FOLDER_PATH)/loom";
			};
			name = Debug;
		};
		1D8E61F12DC0526500167931 /* Release */ = {
			isa = XCBuildConfiguration;
			buildSettings = {
				BUNDLE_LOADER = "$(TEST_HOST)";
				CODE_SIGN_STYLE = Automatic;
				CURRENT_PROJECT_VERSION = 1;
				DEVELOPMENT_TEAM = 3D885624HS;
				GENERATE_INFOPLIST_FILE = YES;
				IPHONEOS_DEPLOYMENT_TARGET = 18.4;
				MARKETING_VERSION = 1.0;
				PRODUCT_BUNDLE_IDENTIFIER = srd.loomTests;
				PRODUCT_NAME = "$(TARGET_NAME)";
				SWIFT_EMIT_LOC_STRINGS = NO;
				SWIFT_VERSION = 5.0;
				TARGETED_DEVICE_FAMILY = "1,2";
				TEST_HOST = "$(BUILT_PRODUCTS_DIR)/loom.app/$(BUNDLE_EXECUTABLE_FOLDER_PATH)/loom";
			};
			name = Release;
		};
		1D8E61F32DC0526500167931 /* Debug */ = {
			isa = XCBuildConfiguration;
			buildSettings = {
				CODE_SIGN_STYLE = Automatic;
				CURRENT_PROJECT_VERSION = 1;
				DEVELOPMENT_TEAM = 3D885624HS;
				GENERATE_INFOPLIST_FILE = YES;
				MARKETING_VERSION = 1.0;
				PRODUCT_BUNDLE_IDENTIFIER = srd.loomUITests;
				PRODUCT_NAME = "$(TARGET_NAME)";
				SWIFT_EMIT_LOC_STRINGS = NO;
				SWIFT_VERSION = 5.0;
				TARGETED_DEVICE_FAMILY = "1,2";
				TEST_TARGET_NAME = loom;
			};
			name = Debug;
		};
		1D8E61F42DC0526500167931 /* Release */ = {
			isa = XCBuildConfiguration;
			buildSettings = {
				CODE_SIGN_STYLE = Automatic;
				CURRENT_PROJECT_VERSION = 1;
				DEVELOPMENT_TEAM = 3D885624HS;
				GENERATE_INFOPLIST_FILE = YES;
				MARKETING_VERSION = 1.0;
				PRODUCT_BUNDLE_IDENTIFIER = srd.loomUITests;
				PRODUCT_NAME = "$(TARGET_NAME)";
				SWIFT_EMIT_LOC_STRINGS = NO;
				SWIFT_VERSION = 5.0;
				TARGETED_DEVICE_FAMILY = "1,2";
				TEST_TARGET_NAME = loom;
			};
			name = Release;
		};
/* End XCBuildConfiguration section */

/* Begin XCConfigurationList section */
		1D8E61C12DC0526000167931 /* Build configuration list for PBXProject "loom_0.1.0a" */ = {
			isa = XCConfigurationList;
			buildConfigurations = (
				1D8E61ED2DC0526500167931 /* Debug */,
				1D8E61EE2DC0526500167931 /* Release */,
			);
			defaultConfigurationIsVisible = 0;
			defaultConfigurationName = Release;
		};
		1D8E61EA2DC0526500167931 /* Build configuration list for PBXNativeTarget "loom" */ = {
			isa = XCConfigurationList;
			buildConfigurations = (
				1D8E61EB2DC0526500167931 /* Debug */,
				1D8E61EC2DC0526500167931 /* Release */,
			);
			defaultConfigurationIsVisible = 0;
			defaultConfigurationName = Release;
		};
		1D8E61EF2DC0526500167931 /* Build configuration list for PBXNativeTarget "loomTests" */ = {
			isa = XCConfigurationList;
			buildConfigurations = (
				1D8E61F02DC0526500167931 /* Debug */,
				1D8E61F12DC0526500167931 /* Release */,
			);
			defaultConfigurationIsVisible = 0;
			defaultConfigurationName = Release;
		};
		1D8E61F22DC0526500167931 /* Build configuration list for PBXNativeTarget "loomUITests" */ = {
			isa = XCConfigurationList;
			buildConfigurations = (
				1D8E61F32DC0526500167931 /* Debug */,
				1D8E61F42DC0526500167931 /* Release */,
			);
			defaultConfigurationIsVisible = 0;
			defaultConfigurationName = Release;
		};
/* End XCConfigurationList section */

/* Begin XCRemoteSwiftPackageReference section */
		1DD77E222F52752C00F08917 /* XCRemoteSwiftPackageReference "firebase-ios-sdk" */ = {
			isa = XCRemoteSwiftPackageReference;
			repositoryURL = "https://github.com/firebase/firebase-ios-sdk";
			requirement = {
				kind = upToNextMajorVersion;
				minimumVersion = 12.10.0;
			};
		};
		1DD77E272F5275A600F08917 /* XCRemoteSwiftPackageReference "GoogleSignIn-iOS" */ = {
			isa = XCRemoteSwiftPackageReference;
			repositoryURL = "https://github.com/google/GoogleSignIn-iOS";
			requirement = {
				kind = upToNextMajorVersion;
				minimumVersion = 9.1.0;
			};
		};
/* End XCRemoteSwiftPackageReference section */

/* Begin XCSwiftPackageProductDependency section */
		1DD77E232F52752C00F08917 /* FirebaseAuth */ = {
			isa = XCSwiftPackageProductDependency;
			package = 1DD77E222F52752C00F08917 /* XCRemoteSwiftPackageReference "firebase-ios-sdk" */;
			productName = FirebaseAuth;
		};
		1DD77E252F52752C00F08917 /* FirebaseCore */ = {
			isa = XCSwiftPackageProductDependency;
			package = 1DD77E222F52752C00F08917 /* XCRemoteSwiftPackageReference "firebase-ios-sdk" */;
			productName = FirebaseCore;
		};
		1DD77E282F5275A600F08917 /* GoogleSignIn */ = {
			isa = XCSwiftPackageProductDependency;
			package = 1DD77E272F5275A600F08917 /* XCRemoteSwiftPackageReference "GoogleSignIn-iOS" */;
			productName = GoogleSignIn;
		};
		1DD77E2A2F5275A600F08917 /* GoogleSignInSwift */ = {
			isa = XCSwiftPackageProductDependency;
			package = 1DD77E272F5275A600F08917 /* XCRemoteSwiftPackageReference "GoogleSignIn-iOS" */;
			productName = GoogleSignInSwift;
		};
		1EE9C9A12F60000100F08917 /* FirebaseCrashlytics */ = {
			isa = XCSwiftPackageProductDependency;
			package = 1DD77E222F52752C00F08917 /* XCRemoteSwiftPackageReference "firebase-ios-sdk" */;
			productName = FirebaseCrashlytics;
		};
		1EE9C9B32F60000200F08917 /* FirebaseAnalytics */ = {
			isa = XCSwiftPackageProductDependency;
			package = 1DD77E222F52752C00F08917 /* XCRemoteSwiftPackageReference "firebase-ios-sdk" */;
			productName = FirebaseAnalytics;
		};
/* End XCSwiftPackageProductDependency section */
	};
	rootObject = 1D8E61BE2DC0526000167931 /* Project object */;
}
